// !$*UTF8*$!
{
	archiveVersion = 1;
	classes = {
	};
	objectVersion = 55;
	objects = {

/* Begin PBXBuildFile section */
		48176C1428728E9500395EAE /* AppDelegate.m in Sources */ = {isa = PBXBuildFile; fileRef = 48176C1328728E9500395EAE /* AppDelegate.m */; };
		48176C1728728E9500395EAE /* SceneDelegate.m in Sources */ = {isa = PBXBuildFile; fileRef = 48176C1628728E9500395EAE /* SceneDelegate.m */; };
		48176C1A28728E9500395EAE /* ViewController.m in Sources */ = {isa = PBXBuildFile; fileRef = 48176C1928728E9500395EAE /* ViewController.m */; };
		48176C1D28728E9500395EAE /* Main.storyboard in Resources */ = {isa = PBXBuildFile; fileRef = 48176C1B28728E9500395EAE /* Main.storyboard */; };
		48176C1F28728E9600395EAE /* Assets.xcassets in Resources */ = {isa = PBXBuildFile; fileRef = 48176C1E28728E9600395EAE /* Assets.xcassets */; };
		48176C2228728E9600395EAE /* LaunchScreen.storyboard in Resources */ = {isa = PBXBuildFile; fileRef = 48176C2028728E9600395EAE /* LaunchScreen.storyboard */; };
		48176C2528728E9600395EAE /* main.m in Sources */ = {isa = PBXBuildFile; fileRef = 48176C2428728E9600395EAE /* main.m */; };
		5838FE0852BE9CADC584BD9A /* Pods_Empty.framework in Frameworks */ = {isa = PBXBuildFile; fileRef = 22A32FA6DA9538DF84560B54 /* Pods_Empty.framework */; };
/* End PBXBuildFile section */

/* Begin PBXFileReference section */
		22A32FA6DA9538DF84560B54 /* Pods_Empty.framework */ = {isa = PBXFileReference; explicitFileType = wrapper.framework; includeInIndex = 0; path = Pods_Empty.framework; sourceTree = BUILT_PRODUCTS_DIR; };
		247CF8103926E9ED7992AB76 /* Pods-Empty.debug.xcconfig */ = {isa = PBXFileReference; includeInIndex = 1; lastKnownFileType = text.xcconfig; name = "Pods-Empty.debug.xcconfig"; path = "Target Support Files/Pods-Empty/Pods-Empty.debug.xcconfig"; sourceTree = "<group>"; };
		48176C0F28728E9500395EAE /* Empty.app */ = {isa = PBXFileReference; explicitFileType = wrapper.application; includeInIndex = 0; path = Empty.app; sourceTree = BUILT_PRODUCTS_DIR; };
		48176C1228728E9500395EAE /* AppDelegate.h */ = {isa = PBXFileReference; lastKnownFileType = sourcecode.c.h; path = AppDelegate.h; sourceTree = "<group>"; };
		48176C1328728E9500395EAE /* AppDelegate.m */ = {isa = PBXFileReference; lastKnownFileType = sourcecode.c.objc; path = AppDelegate.m; sourceTree = "<group>"; };
		48176C1528728E9500395EAE /* SceneDelegate.h */ = {isa = PBXFileReference; lastKnownFileType = sourcecode.c.h; path = SceneDelegate.h; sourceTree = "<group>"; };
		48176C1628728E9500395EAE /* SceneDelegate.m */ = {isa = PBXFileReference; lastKnownFileType = sourcecode.c.objc; path = SceneDelegate.m; sourceTree = "<group>"; };
		48176C1828728E9500395EAE /* ViewController.h */ = {isa = PBXFileReference; lastKnownFileType = sourcecode.c.h; path = ViewController.h; sourceTree = "<group>"; };
		48176C1928728E9500395EAE /* ViewController.m */ = {isa = PBXFileReference; lastKnownFileType = sourcecode.c.objc; path = ViewController.m; sourceTree = "<group>"; };
		48176C1C28728E9500395EAE /* Base */ = {isa = PBXFileReference; lastKnownFileType = file.storyboard; name = Base; path = Base.lproj/Main.storyboard; sourceTree = "<group>"; };
		48176C1E28728E9600395EAE /* Assets.xcassets */ = {isa = PBXFileReference; lastKnownFileType = folder.assetcatalog; path = Assets.xcassets; sourceTree = "<group>"; };
		48176C2128728E9600395EAE /* Base */ = {isa = PBXFileReference; lastKnownFileType = file.storyboard; name = Base; path = Base.lproj/LaunchScreen.storyboard; sourceTree = "<group>"; };
		48176C2328728E9600395EAE /* Info.plist */ = {isa = PBXFileReference; lastKnownFileType = text.plist.xml; path = Info.plist; sourceTree = "<group>"; };
		48176C2428728E9600395EAE /* main.m */ = {isa = PBXFileReference; lastKnownFileType = sourcecode.c.objc; path = main.m; sourceTree = "<group>"; };
		EDFEA72689AFA953E1853C13 /* Pods-Empty.release.xcconfig */ = {isa = PBXFileReference; includeInIndex = 1; lastKnownFileType = text.xcconfig; name = "Pods-Empty.release.xcconfig"; path = "Target Support Files/Pods-Empty/Pods-Empty.release.xcconfig"; sourceTree = "<group>"; };
/* End PBXFileReference section */

/* Begin PBXFrameworksBuildPhase section */
		48176C0C28728E9500395EAE /* Frameworks */ = {
			isa = PBXFrameworksBuildPhase;
			buildActionMask = 2147483647;
			files = (
				5838FE0852BE9CADC584BD9A /* Pods_Empty.framework in Frameworks */,
			);
			runOnlyForDeploymentPostprocessing = 0;
		};
/* End PBXFrameworksBuildPhase section */

/* Begin PBXGroup section */
		48176C0628728E9500395EAE = {
			isa = PBXGroup;
			children = (
				48176C1128728E9500395EAE /* Empty */,
				48176C1028728E9500395EAE /* Products */,
				AAF6B428D8FD2115E2632630 /* Pods */,
				64E6B1744480A93E48B68B07 /* Frameworks */,
			);
			sourceTree = "<group>";
		};
		48176C1028728E9500395EAE /* Products */ = {
			isa = PBXGroup;
			children = (
				48176C0F28728E9500395EAE /* Empty.app */,
			);
			name = Products;
			sourceTree = "<group>";
		};
		48176C1128728E9500395EAE /* Empty */ = {
			isa = PBXGroup;
			children = (
				48176C1228728E9500395EAE /* AppDelegate.h */,
				48176C1328728E9500395EAE /* AppDelegate.m */,
				48176C1528728E9500395EAE /* SceneDelegate.h */,
				48176C1628728E9500395EAE /* SceneDelegate.m */,
				48176C1828728E9500395EAE /* ViewController.h */,
				48176C1928728E9500395EAE /* ViewController.m */,
				48176C1B28728E9500395EAE /* Main.storyboard */,
				48176C1E28728E9600395EAE /* Assets.xcassets */,
				48176C2028728E9600395EAE /* LaunchScreen.storyboard */,
				48176C2328728E9600395EAE /* Info.plist */,
				48176C2428728E9600395EAE /* main.m */,
			);
			path = Empty;
			sourceTree = "<group>";
		};
		64E6B1744480A93E48B68B07 /* Frameworks */ = {
			isa = PBXGroup;
			children = (
				22A32FA6DA9538DF84560B54 /* Pods_Empty.framework */,
			);
			name = Frameworks;
			sourceTree = "<group>";
		};
		AAF6B428D8FD2115E2632630 /* Pods */ = {
			isa = PBXGroup;
			children = (
				247CF8103926E9ED7992AB76 /* Pods-Empty.debug.xcconfig */,
				EDFEA72689AFA953E1853C13 /* Pods-Empty.release.xcconfig */,
			);
			name = Pods;
			path = Pods;
			sourceTree = "<group>";
		};
/* End PBXGroup section */

/* Begin PBXNativeTarget section */
		48176C0E28728E9500395EAE /* Empty */ = {
			isa = PBXNativeTarget;
			buildConfigurationList = 48176C2828728E9600395EAE /* Build configuration list for PBXNativeTarget "Empty" */;
			buildPhases = (
				35E00BA17843A2B473C52019 /* [CP] Check Pods Manifest.lock */,
				48176C0B28728E9500395EAE /* Sources */,
				48176C0C28728E9500395EAE /* Frameworks */,
				48176C0D28728E9500395EAE /* Resources */,
			);
			buildRules = (
			);
			dependencies = (
			);
			name = Empty;
			productName = Empty;
			productReference = 48176C0F28728E9500395EAE /* Empty.app */;
			productType = "com.apple.product-type.application";
		};
/* End PBXNativeTarget section */

/* Begin PBXProject section */
		48176C0728728E9500395EAE /* Project object */ = {
			isa = PBXProject;
			attributes = {
				BuildIndependentTargetsInParallel = 1;
				LastUpgradeCheck = 1340;
				TargetAttributes = {
					48176C0E28728E9500395EAE = {
						CreatedOnToolsVersion = 13.4.1;
					};
				};
			};
			buildConfigurationList = 48176C0A28728E9500395EAE /* Build configuration list for PBXProject "Empty" */;
			compatibilityVersion = "Xcode 13.0";
			developmentRegion = en;
			hasScannedForEncodings = 0;
			knownRegions = (
				en,
				Base,
			);
			mainGroup = 48176C0628728E9500395EAE;
			productRefGroup = 48176C1028728E9500395EAE /* Products */;
			projectDirPath = "";
			projectRoot = "";
			targets = (
				48176C0E28728E9500395EAE /* Empty */,
			);
		};
/* End PBXProject section */

/* Begin PBXResourcesBuildPhase section */
		48176C0D28728E9500395EAE /* Resources */ = {
			isa = PBXResourcesBuildPhase;
			buildActionMask = 2147483647;
			files = (
				48176C2228728E9600395EAE /* LaunchScreen.storyboard in Resources */,
				48176C1F28728E9600395EAE /* Assets.xcassets in Resources */,
				48176C1D28728E9500395EAE /* Main.storyboard in Resources */,
			);
			runOnlyForDeploymentPostprocessing = 0;
		};
/* End PBXResourcesBuildPhase section */

/* Begin PBXShellScriptBuildPhase section */
		35E00BA17843A2B473C52019 /* [CP] Check Pods Manifest.lock */ = {
			isa = PBXShellScriptBuildPhase;
			buildActionMask = 2147483647;
			files = (
			);
			inputFileListPaths = (
			);
			inputPaths = (
				"${PODS_PODFILE_DIR_PATH}/Podfile.lock",
				"${PODS_ROOT}/Manifest.lock",
			);
			name = "[CP] Check Pods Manifest.lock";
			outputFileListPaths = (
			);
			outputPaths = (
				"$(DERIVED_FILE_DIR)/Pods-Empty-checkManifestLockResult.txt",
			);
			runOnlyForDeploymentPostprocessing = 0;
			shellPath = /bin/sh;
			shellScript = "diff \"${PODS_PODFILE_DIR_PATH}/Podfile.lock\" \"${PODS_ROOT}/Manifest.lock\" > /dev/null\nif [ $? != 0 ] ; then\n    # print error to STDERR\n    echo \"error: The sandbox is not in sync with the Podfile.lock. Run 'pod install' or update your CocoaPods installation.\" >&2\n    exit 1\nfi\n# This output is used by Xcode 'outputs' to avoid re-running this script phase.\necho \"SUCCESS\" > \"${SCRIPT_OUTPUT_FILE_0}\"\n";
			showEnvVarsInLog = 0;
		};
/* End PBXShellScriptBuildPhase section */

/* Begin PBXSourcesBuildPhase section */
		48176C0B28728E9500395EAE /* Sources */ = {
			isa = PBXSourcesBuildPhase;
			buildActionMask = 2147483647;
			files = (
				48176C1A28728E9500395EAE /* ViewController.m in Sources */,
				48176C1428728E9500395EAE /* AppDelegate.m in Sources */,
				48176C2528728E9600395EAE /* main.m in Sources */,
				48176C1728728E9500395EAE /* SceneDelegate.m in Sources */,
			);
			runOnlyForDeploymentPostprocessing = 0;
		};
/* End PBXSourcesBuildPhase section */

/* Begin PBXVariantGroup section */
		48176C1B28728E9500395EAE /* Main.storyboard */ = {
			isa = PBXVariantGroup;
			children = (
				48176C1C28728E9500395EAE /* Base */,
			);
			name = Main.storyboard;
			sourceTree = "<group>";
		};
		48176C2028728E9600395EAE /* LaunchScreen.storyboard */ = {
			isa = PBXVariantGroup;
			children = (
				48176C2128728E9600395EAE /* Base */,
			);
			name = LaunchScreen.storyboard;
			sourceTree = "<group>";
		};
/* End PBXVariantGroup section */

/* Begin XCBuildConfiguration section */
		48176C2628728E9600395EAE /* Debug */ = {
			isa = XCBuildConfiguration;
			buildSettings = {
				ALWAYS_SEARCH_USER_PATHS = NO;
				CLANG_ANALYZER_NONNULL = YES;
				CLANG_ANALYZER_NUMBER_OBJECT_CONVERSION = YES_AGGRESSIVE;
				CLANG_CXX_LANGUAGE_STANDARD = "gnu++17";
				CLANG_ENABLE_MODULES = YES;
				CLANG_ENABLE_OBJC_ARC = YES;
				CLANG_ENABLE_OBJC_WEAK = YES;
				CLANG_WARN_BLOCK_CAPTURE_AUTORELEASING = YES;
				CLANG_WARN_BOOL_CONVERSION = YES;
				CLANG_WARN_COMMA = YES;
				CLANG_WARN_CONSTANT_CONVERSION = YES;
				CLANG_WARN_DEPRECATED_OBJC_IMPLEMENTATIONS = YES;
				CLANG_WARN_DIRECT_OBJC_ISA_USAGE = YES_ERROR;
				CLANG_WARN_DOCUMENTATION_COMMENTS = YES;
				CLANG_WARN_EMPTY_BODY = YES;
				CLANG_WARN_ENUM_CONVERSION = YES;
				CLANG_WARN_INFINITE_RECURSION = YES;
				CLANG_WARN_INT_CONVERSION = YES;
				CLANG_WARN_NON_LITERAL_NULL_CONVERSION = YES;
				CLANG_WARN_OBJC_IMPLICIT_RETAIN_SELF = YES;
				CLANG_WARN_OBJC_LITERAL_CONVERSION = YES;
				CLANG_WARN_OBJC_ROOT_CLASS = YES_ERROR;
				CLANG_WARN_QUOTED_INCLUDE_IN_FRAMEWORK_HEADER = YES;
				CLANG_WARN_RANGE_LOOP_ANALYSIS = YES;
				CLANG_WARN_STRICT_PROTOTYPES = YES;
				CLANG_WARN_SUSPICIOUS_MOVE = YES;
				CLANG_WARN_UNGUARDED_AVAILABILITY = YES_AGGRESSIVE;
				CLANG_WARN_UNREACHABLE_CODE = YES;
				CLANG_WARN__DUPLICATE_METHOD_MATCH = YES;
				COPY_PHASE_STRIP = NO;
				DEBUG_INFORMATION_FORMAT = dwarf;
				ENABLE_STRICT_OBJC_MSGSEND = YES;
				ENABLE_TESTABILITY = YES;
				GCC_C_LANGUAGE_STANDARD = gnu11;
				GCC_DYNAMIC_NO_PIC = NO;
				GCC_NO_COMMON_BLOCKS = YES;
				GCC_OPTIMIZATION_LEVEL = 0;
				GCC_PREPROCESSOR_DEFINITIONS = (
					"DEBUG=1",
					"$(inherited)",
				);
				GCC_WARN_64_TO_32_BIT_CONVERSION = YES;
				GCC_WARN_ABOUT_RETURN_TYPE = YES_ERROR;
				GCC_WARN_UNDECLARED_SELECTOR = YES;
				GCC_WARN_UNINITIALIZED_AUTOS = YES_AGGRESSIVE;
				GCC_WARN_UNUSED_FUNCTION = YES;
				GCC_WARN_UNUSED_VARIABLE = YES;
				IPHONEOS_DEPLOYMENT_TARGET = 15.5;
				MTL_ENABLE_DEBUG_INFO = INCLUDE_SOURCE;
				MTL_FAST_MATH = YES;
				ONLY_ACTIVE_ARCH = YES;
				SDKROOT = iphoneos;
			};
			name = Debug;
		};
		48176C2728728E9600395EAE /* Release */ = {
			isa = XCBuildConfiguration;
			buildSettings = {
				ALWAYS_SEARCH_USER_PATHS = NO;
				CLANG_ANALYZER_NONNULL = YES;
				CLANG_ANALYZER_NUMBER_OBJECT_CONVERSION = YES_AGGRESSIVE;
				CLANG_CXX_LANGUAGE_STANDARD = "gnu++17";
				CLANG_ENABLE_MODULES = YES;
				CLANG_ENABLE_OBJC_ARC = YES;
				CLANG_ENABLE_OBJC_WEAK = YES;
				CLANG_WARN_BLOCK_CAPTURE_AUTORELEASING = YES;
				CLANG_WARN_BOOL_CONVERSION = YES;
				CLANG_WARN_COMMA = YES;
				CLANG_WARN_CONSTANT_CONVERSION = YES;
				CLANG_WARN_DEPRECATED_OBJC_IMPLEMENTATIONS = YES;
				CLANG_WARN_DIRECT_OBJC_ISA_USAGE = YES_ERROR;
				CLANG_WARN_DOCUMENTATION_COMMENTS = YES;
				CLANG_WARN_EMPTY_BODY = YES;
				CLANG_WARN_ENUM_CONVERSION = YES;
				CLANG_WARN_INFINITE_RECURSION = YES;
				CLANG_WARN_INT_CONVERSION = YES;
				CLANG_WARN_NON_LITERAL_NULL_CONVERSION = YES;
				CLANG_WARN_OBJC_IMPLICIT_RETAIN_SELF = YES;
				CLANG_WARN_OBJC_LITERAL_CONVERSION = YES;
				CLANG_WARN_OBJC_ROOT_CLASS = YES_ERROR;
				CLANG_WARN_QUOTED_INCLUDE_IN_FRAMEWORK_HEADER = YES;
				CLANG_WARN_RANGE_LOOP_ANALYSIS = YES;
				CLANG_WARN_STRICT_PROTOTYPES = YES;
				CLANG_WARN_SUSPICIOUS_MOVE = YES;
				CLANG_WARN_UNGUARDED_AVAILABILITY = YES_AGGRESSIVE;
				CLANG_WARN_UNREACHABLE_CODE = YES;
				CLANG_WARN__DUPLICATE_METHOD_MATCH = YES;
				COPY_PHASE_STRIP = NO;
				DEBUG_INFORMATION_FORMAT = "dwarf-with-dsym";
				ENABLE_NS_ASSERTIONS = NO;
				ENABLE_STRICT_OBJC_MSGSEND = YES;
				GCC_C_LANGUAGE_STANDARD = gnu11;
				GCC_NO_COMMON_BLOCKS = YES;
				GCC_WARN_64_TO_32_BIT_CONVERSION = YES;
				GCC_WARN_ABOUT_RETURN_TYPE = YES_ERROR;
				GCC_WARN_UNDECLARED_SELECTOR = YES;
				GCC_WARN_UNINITIALIZED_AUTOS = YES_AGGRESSIVE;
				GCC_WARN_UNUSED_FUNCTION = YES;
				GCC_WARN_UNUSED_VARIABLE = YES;
				IPHONEOS_DEPLOYMENT_TARGET = 15.5;
				MTL_ENABLE_DEBUG_INFO = NO;
				MTL_FAST_MATH = YES;
				SDKROOT = iphoneos;
				VALIDATE_PRODUCT = YES;
			};
			name = Release;
		};
		48176C2928728E9600395EAE /* Debug */ = {
			isa = XCBuildConfiguration;
			baseConfigurationReference = 247CF8103926E9ED7992AB76 /* Pods-Empty.debug.xcconfig */;
			buildSettings = {
				ASSETCATALOG_COMPILER_APPICON_NAME = AppIcon;
				ASSETCATALOG_COMPILER_GLOBAL_ACCENT_COLOR_NAME = AccentColor;
				CODE_SIGN_STYLE = Automatic;
				CURRENT_PROJECT_VERSION = 1;
				DEVELOPMENT_TEAM = 9CVMN4UZK4;
				GENERATE_INFOPLIST_FILE = YES;
				INFOPLIST_FILE = Empty/Info.plist;
				INFOPLIST_KEY_UIApplicationSupportsIndirectInputEvents = YES;
				INFOPLIST_KEY_UILaunchStoryboardName = LaunchScreen;
				INFOPLIST_KEY_UIMainStoryboardFile = Main;
				INFOPLIST_KEY_UISupportedInterfaceOrientations_iPad = "UIInterfaceOrientationPortrait UIInterfaceOrientationPortraitUpsideDown UIInterfaceOrientationLandscapeLeft UIInterfaceOrientationLandscapeRight";
				INFOPLIST_KEY_UISupportedInterfaceOrientations_iPhone = "UIInterfaceOrientationPortrait UIInterfaceOrientationLandscapeLeft UIInterfaceOrientationLandscapeRight";
				LD_RUNPATH_SEARCH_PATHS = (
					"$(inherited)",
					"@executable_path/Frameworks",
				);
				MARKETING_VERSION = 1.0;
				PRODUCT_BUNDLE_IDENTIFIER = com.rongcloud.Empty;
				PRODUCT_NAME = "$(TARGET_NAME)";
				SWIFT_EMIT_LOC_STRINGS = YES;
				TARGETED_DEVICE_FAMILY = "1,2";
			};
			name = Debug;
		};
		48176C2A28728E9600395EAE /* Release */ = {
			isa = XCBuildConfiguration;
			baseConfigurationReference = EDFEA72689AFA953E1853C13 /* Pods-Empty.release.xcconfig */;
			buildSettings = {
				ASSETCATALOG_COMPILER_APPICON_NAME = AppIcon;
				ASSETCATALOG_COMPILER_GLOBAL_ACCENT_COLOR_NAME = AccentColor;
				CODE_SIGN_STYLE = Automatic;
				CURRENT_PROJECT_VERSION = 1;
				DEVELOPMENT_TEAM = 9CVMN4UZK4;
				GENERATE_INFOPLIST_FILE = YES;
				INFOPLIST_FILE = Empty/Info.plist;
				INFOPLIST_KEY_UIApplicationSupportsIndirectInputEvents = YES;
				INFOPLIST_KEY_UILaunchStoryboardName = LaunchScreen;
				INFOPLIST_KEY_UIMainStoryboardFile = Main;
				INFOPLIST_KEY_UISupportedInterfaceOrientations_iPad = "UIInterfaceOrientationPortrait UIInterfaceOrientationPortraitUpsideDown UIInterfaceOrientationLandscapeLeft UIInterfaceOrientationLandscapeRight";
				INFOPLIST_KEY_UISupportedInterfaceOrientations_iPhone = "UIInterfaceOrientationPortrait UIInterfaceOrientationLandscapeLeft UIInterfaceOrientationLandscapeRight";
				LD_RUNPATH_SEARCH_PATHS = (
					"$(inherited)",
					"@executable_path/Frameworks",
				);
				MARKETING_VERSION = 1.0;
				PRODUCT_BUNDLE_IDENTIFIER = com.rongcloud.Empty;
				PRODUCT_NAME = "$(TARGET_NAME)";
				SWIFT_EMIT_LOC_STRINGS = YES;
				TARGETED_DEVICE_FAMILY = "1,2";
			};
			name = Release;
		};
/* End XCBuildConfiguration section */

/* Begin XCConfigurationList section */
		48176C0A28728E9500395EAE /* Build configuration list for PBXProject "Empty" */ = {
			isa = XCConfigurationList;
			buildConfigurations = (
				48176C2628728E9600395EAE /* Debug */,
				48176C2728728E9600395EAE /* Release */,
			);
			defaultConfigurationIsVisible = 0;
			defaultConfigurationName = Release;
		};
		48176C2828728E9600395EAE /* Build configuration list for PBXNativeTarget "Empty" */ = {
			isa = XCConfigurationList;
			buildConfigurations = (
				48176C2928728E9600395EAE /* Debug */,
				48176C2A28728E9600395EAE /* Release */,
			);
			defaultConfigurationIsVisible = 0;
			defaultConfigurationName = Release;
		};
/* End XCConfigurationList section */
	};
	rootObject = 48176C0728728E9500395EAE /* Project object */;
}
